{
  "pid": 40452,
  "ownerId": "33e35114-5308-4120-bd10-5230c3d17375",
  "createdAt": "2026-09-27T07:22:36.679Z",
  "configPath": "D:\\skillsgen-industry_track\\research\\cases\\038_contract_multi_review\\private\\054-evolution-run01\\workspaces\\chat-8785e5072f123e31144fb345-control\\state\\openclaw.json",
  "stateDir": "D:\\skillsgen-industry_track\\research\\cases\\038_contract_multi_review\\private\\054-evolution-run01\\workspaces\\chat-8785e5072f123e31144fb345-control\\state",
  "role": "agent-embedded",
  "startTime": 1790493625778
}
									  			   			 	  	 	     	  			    	   	   	 								  	 		     		    	 	 	 		    			   		   		 	   		 	   			      		  						 		
