{
  "pid": 48804,
  "ownerId": "d010c616-8adc-48c6-b598-14ad1b301cb4",
  "createdAt": "2026-09-26T13:31:25.648Z",
  "configPath": "D:\\skillsgen-industry_track\\research\\cases\\038_contract_multi_review\\private\\049-stages45-acceptance\\workspaces\\creator-candidate-abcd184c56403210310a2e36-control\\state\\openclaw.json",
  "stateDir": "D:\\skillsgen-industry_track\\research\\cases\\038_contract_multi_review\\private\\049-stages45-acceptance\\workspaces\\creator-candidate-abcd184c56403210310a2e36-control\\state",
  "role": "agent-embedded",
  "startTime": 1790429353177
}
								  	 									 	 			 	 		    	 				  		 		 			  	 	  	     		 			     	 					 			   	 		    	 	 	  			 					  		          	   		 
